// !$*UTF8*$!
{
	archiveVersion = 1;
	classes = {
	};
	objectVersion = 48;
	objects = {

/* Begin PBXBuildFile section */
		8E1A150F206C73E100115C41 /* AppDelegate.swift in Sources */ = {isa = PBXBuildFile; fileRef = 8E1A150E206C73E100115C41 /* AppDelegate.swift */; };
		8E1A1511206C73E100115C41 /* ViewController.swift in Sources */ = {isa = PBXBuildFile; fileRef = 8E1A1510206C73E100115C41 /* ViewController.swift */; };
		8E1A1514206C73E100115C41 /* Main.storyboard in Resources */ = {isa = PBXBuildFile; fileRef = 8E1A1512206C73E100115C41 /* Main.storyboard */; };
		8E1A1516206C73E100115C41 /* Assets.xcassets in Resources */ = {isa = PBXBuildFile; fileRef = 8E1A1515206C73E100115C41 /* Assets.xcassets */; };
		8E1A1519206C73E100115C41 /* LaunchScreen.storyboard in Resources */ = {isa = PBXBuildFile; fileRef = 8E1A1517206C73E100115C41 /* LaunchScreen.storyboard */; };
		8E1A1524206C73E100115C41 /* JavaScriptCore_LessionsTests.swift in Sources */ = {isa = PBXBuildFile; fileRef = 8E1A1523206C73E100115C41 /* JavaScriptCore_LessionsTests.swift */; };
		8E1A1531206C908A00115C41 /* index.html in Resources */ = {isa = PBXBuildFile; fileRef = 8E1A1530206C908A00115C41 /* index.html */; };
/* End PBXBuildFile section */

/* Begin PBXContainerItemProxy section */
		8E1A1520206C73E100115C41 /* PBXContainerItemProxy */ = {
			isa = PBXContainerItemProxy;
			containerPortal = 8E1A1503206C73E100115C41 /* Project object */;
			proxyType = 1;
			remoteGlobalIDString = 8E1A150A206C73E100115C41;
			remoteInfo = "JavaScriptCore-Lessions";
		};
/* End PBXContainerItemProxy section */

/* Begin PBXFileReference section */
		8E1A150B206C73E100115C41 /* JavaScriptCore-Lessions.app */ = {isa = PBXFileReference; explicitFileType = wrapper.application; includeInIndex = 0; path = "JavaScriptCore-Lessions.app"; sourceTree = BUILT_PRODUCTS_DIR; };
		8E1A150E206C73E100115C41 /* AppDelegate.swift */ = {isa = PBXFileReference; lastKnownFileType = sourcecode.swift; path = AppDelegate.swift; sourceTree = "<group>"; };
		8E1A1510206C73E100115C41 /* ViewController.swift */ = {isa = PBXFileReference; lastKnownFileType = sourcecode.swift; path = ViewController.swift; sourceTree = "<group>"; };
		8E1A1513206C73E100115C41 /* Base */ = {isa = PBXFileReference; lastKnownFileType = file.storyboard; name = Base; path = Base.lproj/Main.storyboard; sourceTree = "<group>"; };
		8E1A1515206C73E100115C41 /* Assets.xcassets */ = {isa = PBXFileReference; lastKnownFileType = folder.assetcatalog; path = Assets.xcassets; sourceTree = "<group>"; };
		8E1A1518206C73E100115C41 /* Base */ = {isa = PBXFileReference; lastKnownFileType = file.storyboard; name = Base; path = Base.lproj/LaunchScreen.storyboard; sourceTree = "<group>"; };
		8E1A151A206C73E100115C41 /* Info.plist */ = {isa = PBXFileReference; lastKnownFileType = text.plist.xml; path = Info.plist; sourceTree = "<group>"; };
		8E1A151F206C73E100115C41 /* JavaScriptCore-LessionsTests.xctest */ = {isa = PBXFileReference; explicitFileType = wrapper.cfbundle; includeInIndex = 0; path = "JavaScriptCore-LessionsTests.xctest"; sourceTree = BUILT_PRODUCTS_DIR; };
		8E1A1523206C73E100115C41 /* JavaScriptCore_LessionsTests.swift */ = {isa = PBXFileReference; lastKnownFileType = sourcecode.swift; path = JavaScriptCore_LessionsTests.swift; sourceTree = "<group>"; };
		8E1A1525206C73E100115C41 /* Info.plist */ = {isa = PBXFileReference; lastKnownFileType = text.plist.xml; path = Info.plist; sourceTree = "<group>"; };
		8E1A1530206C908A00115C41 /* index.html */ = {isa = PBXFileReference; fileEncoding = 4; lastKnownFileType = text.html; path = index.html; sourceTree = "<group>"; };
/* End PBXFileReference section */

/* Begin PBXFrameworksBuildPhase section */
		8E1A1508206C73E100115C41 /* Frameworks */ = {
			isa = PBXFrameworksBuildPhase;
			buildActionMask = 2147483647;
			files = (
			);
			runOnlyForDeploymentPostprocessing = 0;
		};
		8E1A151C206C73E100115C41 /* Frameworks */ = {
			isa = PBXFrameworksBuildPhase;
			buildActionMask = 2147483647;
			files = (
			);
			runOnlyForDeploymentPostprocessing = 0;
		};
/* End PBXFrameworksBuildPhase section */

/* Begin PBXGroup section */
		8E1A1502206C73E100115C41 = {
			isa = PBXGroup;
			children = (
				8E1A150D206C73E100115C41 /* JavaScriptCore-Lessions */,
				8E1A1522206C73E100115C41 /* JavaScriptCore-LessionsTests */,
				8E1A150C206C73E100115C41 /* Products */,
			);
			sourceTree = "<group>";
		};
		8E1A150C206C73E100115C41 /* Products */ = {
			isa = PBXGroup;
			children = (
				8E1A150B206C73E100115C41 /* JavaScriptCore-Lessions.app */,
				8E1A151F206C73E100115C41 /* JavaScriptCore-LessionsTests.xctest */,
			);
			name = Products;
			sourceTree = "<group>";
		};
		8E1A150D206C73E100115C41 /* JavaScriptCore-Lessions */ = {
			isa = PBXGroup;
			children = (
				8E1A1530206C908A00115C41 /* index.html */,
				8E1A150E206C73E100115C41 /* AppDelegate.swift */,
				8E1A1510206C73E100115C41 /* ViewController.swift */,
				8E1A1512206C73E100115C41 /* Main.storyboard */,
				8E1A1515206C73E100115C41 /* Assets.xcassets */,
				8E1A1517206C73E100115C41 /* LaunchScreen.storyboard */,
				8E1A151A206C73E100115C41 /* Info.plist */,
			);
			path = "JavaScriptCore-Lessions";
			sourceTree = "<group>";
		};
		8E1A1522206C73E100115C41 /* JavaScriptCore-LessionsTests */ = {
			isa = PBXGroup;
			children = (
				8E1A1523206C73E100115C41 /* JavaScriptCore_LessionsTests.swift */,
				8E1A1525206C73E100115C41 /* Info.plist */,
			);
			path = "JavaScriptCore-LessionsTests";
			sourceTree = "<group>";
		};
/* End PBXGroup section */

/* Begin PBXNativeTarget section */
		8E1A150A206C73E100115C41 /* JavaScriptCore-Lessions */ = {
			isa = PBXNativeTarget;
			buildConfigurationList = 8E1A1528206C73E100115C41 /* Build configuration list for PBXNativeTarget "JavaScriptCore-Lessions" */;
			buildPhases = (
				8E1A1507206C73E100115C41 /* Sources */,
				8E1A1508206C73E100115C41 /* Frameworks */,
				8E1A1509206C73E100115C41 /* Resources */,
			);
			buildRules = (
			);
			dependencies = (
			);
			name = "JavaScriptCore-Lessions";
			productName = "JavaScriptCore-Lessions";
			productReference = 8E1A150B206C73E100115C41 /* JavaScriptCore-Lessions.app */;
			productType = "com.apple.product-type.application";
		};
		8E1A151E206C73E100115C41 /* JavaScriptCore-LessionsTests */ = {
			isa = PBXNativeTarget;
			buildConfigurationList = 8E1A152B206C73E100115C41 /* Build configuration list for PBXNativeTarget "JavaScriptCore-LessionsTests" */;
			buildPhases = (
				8E1A151B206C73E100115C41 /* Sources */,
				8E1A151C206C73E100115C41 /* Frameworks */,
				8E1A151D206C73E100115C41 /* Resources */,
			);
			buildRules = (
			);
			dependencies = (
				8E1A1521206C73E100115C41 /* PBXTargetDependency */,
			);
			name = "JavaScriptCore-LessionsTests";
			productName = "JavaScriptCore-LessionsTests";
			productReference = 8E1A151F206C73E100115C41 /* JavaScriptCore-LessionsTests.xctest */;
			productType = "com.apple.product-type.bundle.unit-test";
		};
/* End PBXNativeTarget section */

/* Begin PBXProject section */
		8E1A1503206C73E100115C41 /* Project object */ = {
			isa = PBXProject;
			attributes = {
				LastSwiftUpdateCheck = 0920;
				LastUpgradeCheck = 0920;
				ORGANIZATIONNAME = libo;
				TargetAttributes = {
					8E1A150A206C73E100115C41 = {
						CreatedOnToolsVersion = 9.2;
						ProvisioningStyle = Manual;
					};
					8E1A151E206C73E100115C41 = {
						CreatedOnToolsVersion = 9.2;
						ProvisioningStyle = Automatic;
						TestTargetID = 8E1A150A206C73E100115C41;
					};
				};
			};
			buildConfigurationList = 8E1A1506206C73E100115C41 /* Build configuration list for PBXProject "JavaScriptCore-Lessions" */;
			compatibilityVersion = "Xcode 8.0";
			developmentRegion = en;
			hasScannedForEncodings = 0;
			knownRegions = (
				en,
				Base,
			);
			mainGroup = 8E1A1502206C73E100115C41;
			productRefGroup = 8E1A150C206C73E100115C41 /* Products */;
			projectDirPath = "";
			projectRoot = "";
			targets = (
				8E1A150A206C73E100115C41 /* JavaScriptCore-Lessions */,
				8E1A151E206C73E100115C41 /* JavaScriptCore-LessionsTests */,
			);
		};
/* End PBXProject section */

/* Begin PBXResourcesBuildPhase section */
		8E1A1509206C73E100115C41 /* Resources */ = {
			isa = PBXResourcesBuildPhase;
			buildActionMask = 2147483647;
			files = (
				8E1A1531206C908A00115C41 /* index.html in Resources */,
				8E1A1519206C73E100115C41 /* LaunchScreen.storyboard in Resources */,
				8E1A1516206C73E100115C41 /* Assets.xcassets in Resources */,
				8E1A1514206C73E100115C41 /* Main.storyboard in Resources */,
			);
			runOnlyForDeploymentPostprocessing = 0;
		};
		8E1A151D206C73E100115C41 /* Resources */ = {
			isa = PBXResourcesBuildPhase;
			buildActionMask = 2147483647;
			files = (
			);
			runOnlyForDeploymentPostprocessing = 0;
		};
/* End PBXResourcesBuildPhase section */

/* Begin PBXSourcesBuildPhase section */
		8E1A1507206C73E100115C41 /* Sources */ = {
			isa = PBXSourcesBuildPhase;
			buildActionMask = 2147483647;
			files = (
				8E1A1511206C73E100115C41 /* ViewController.swift in Sources */,
				8E1A150F206C73E100115C41 /* AppDelegate.swift in Sources */,
			);
			runOnlyForDeploymentPostprocessing = 0;
		};
		8E1A151B206C73E100115C41 /* Sources */ = {
			isa = PBXSourcesBuildPhase;
			buildActionMask = 2147483647;
			files = (
				8E1A1524206C73E100115C41 /* JavaScriptCore_LessionsTests.swift in Sources */,
			);
			runOnlyForDeploymentPostprocessing = 0;
		};
/* End PBXSourcesBuildPhase section */

/* Begin PBXTargetDependency section */
		8E1A1521206C73E100115C41 /* PBXTargetDependency */ = {
			isa = PBXTargetDependency;
			target = 8E1A150A206C73E100115C41 /* JavaScriptCore-Lessions */;
			targetProxy = 8E1A1520206C73E100115C41 /* PBXContainerItemProxy */;
		};
/* End PBXTargetDependency section */

/* Begin PBXVariantGroup section */
		8E1A1512206C73E100115C41 /* Main.storyboard */ = {
			isa = PBXVariantGroup;
			children = (
				8E1A1513206C73E100115C41 /* Base */,
			);
			name = Main.storyboard;
			sourceTree = "<group>";
		};
		8E1A1517206C73E100115C41 /* LaunchScreen.storyboard */ = {
			isa = PBXVariantGroup;
			children = (
				8E1A1518206C73E100115C41 /* Base */,
			);
			name = LaunchScreen.storyboard;
			sourceTree = "<group>";
		};
/* End PBXVariantGroup section */

/* Begin XCBuildConfiguration section */
		8E1A1526206C73E100115C41 /* Debug */ = {
			isa = XCBuildConfiguration;
			buildSettings = {
				ALWAYS_SEARCH_USER_PATHS = NO;
				CLANG_ANALYZER_NONNULL = YES;
				CLANG_ANALYZER_NUMBER_OBJECT_CONVERSION = YES_AGGRESSIVE;
				CLANG_CXX_LANGUAGE_STANDARD = "gnu++14";
				CLANG_CXX_LIBRARY = "libc++";
				CLANG_ENABLE_MODULES = YES;
				CLANG_ENABLE_OBJC_ARC = YES;
				CLANG_WARN_BLOCK_CAPTURE_AUTORELEASING = YES;
				CLANG_WARN_BOOL_CONVERSION = YES;
				CLANG_WARN_COMMA = YES;
				CLANG_WARN_CONSTANT_CONVERSION = YES;
				CLANG_WARN_DIRECT_OBJC_ISA_USAGE = YES_ERROR;
				CLANG_WARN_DOCUMENTATION_COMMENTS = YES;
				CLANG_WARN_EMPTY_BODY = YES;
				CLANG_WARN_ENUM_CONVERSION = YES;
				CLANG_WARN_INFINITE_RECURSION = YES;
				CLANG_WARN_INT_CONVERSION = YES;
				CLANG_WARN_NON_LITERAL_NULL_CONVERSION = YES;
				CLANG_WARN_OBJC_LITERAL_CONVERSION = YES;
				CLANG_WARN_OBJC_ROOT_CLASS = YES_ERROR;
				CLANG_WARN_RANGE_LOOP_ANALYSIS = YES;
				CLANG_WARN_STRICT_PROTOTYPES = YES;
				CLANG_WARN_SUSPICIOUS_MOVE = YES;
				CLANG_WARN_UNGUARDED_AVAILABILITY = YES_AGGRESSIVE;
				CLANG_WARN_UNREACHABLE_CODE = YES;
				CLANG_WARN__DUPLICATE_METHOD_MATCH = YES;
				CODE_SIGN_IDENTITY = "iPhone Developer";
				COPY_PHASE_STRIP = NO;
				DEBUG_INFORMATION_FORMAT = dwarf;
				ENABLE_STRICT_OBJC_MSGSEND = YES;
				ENABLE_TESTABILITY = YES;
				GCC_C_LANGUAGE_STANDARD = gnu11;
				GCC_DYNAMIC_NO_PIC = NO;
				GCC_NO_COMMON_BLOCKS = YES;
				GCC_OPTIMIZATION_LEVEL = 0;
				GCC_PREPROCESSOR_DEFINITIONS = (
					"DEBUG=1",
					"$(inherited)",
				);
				GCC_WARN_64_TO_32_BIT_CONVERSION = YES;
				GCC_WARN_ABOUT_RETURN_TYPE = YES_ERROR;
				GCC_WARN_UNDECLARED_SELECTOR = YES;
				GCC_WARN_UNINITIALIZED_AUTOS = YES_AGGRESSIVE;
				GCC_WARN_UNUSED_FUNCTION = YES;
				GCC_WARN_UNUSED_VARIABLE = YES;
				IPHONEOS_DEPLOYMENT_TARGET = 11.2;
				MTL_ENABLE_DEBUG_INFO = YES;
				ONLY_ACTIVE_ARCH = YES;
				SDKROOT = iphoneos;
				SWIFT_ACTIVE_COMPILATION_CONDITIONS = DEBUG;
				SWIFT_OPTIMIZATION_LEVEL = "-Onone";
			};
			name = Debug;
		};
		8E1A1527206C73E100115C41 /* Release */ = {
			isa = XCBuildConfiguration;
			buildSettings = {
				ALWAYS_SEARCH_USER_PATHS = NO;
				CLANG_ANALYZER_NONNULL = YES;
				CLANG_ANALYZER_NUMBER_OBJECT_CONVERSION = YES_AGGRESSIVE;
				CLANG_CXX_LANGUAGE_STANDARD = "gnu++14";
				CLANG_CXX_LIBRARY = "libc++";
				CLANG_ENABLE_MODULES = YES;
				CLANG_ENABLE_OBJC_ARC = YES;
				CLANG_WARN_BLOCK_CAPTURE_AUTORELEASING = YES;
				CLANG_WARN_BOOL_CONVERSION = YES;
				CLANG_WARN_COMMA = YES;
				CLANG_WARN_CONSTANT_CONVERSION = YES;
				CLANG_WARN_DIRECT_OBJC_ISA_USAGE = YES_ERROR;
				CLANG_WARN_DOCUMENTATION_COMMENTS = YES;
				CLANG_WARN_EMPTY_BODY = YES;
				CLANG_WARN_ENUM_CONVERSION = YES;
				CLANG_WARN_INFINITE_RECURSION = YES;
				CLANG_WARN_INT_CONVERSION = YES;
				CLANG_WARN_NON_LITERAL_NULL_CONVERSION = YES;
				CLANG_WARN_OBJC_LITERAL_CONVERSION = YES;
				CLANG_WARN_OBJC_ROOT_CLASS = YES_ERROR;
				CLANG_WARN_RANGE_LOOP_ANALYSIS = YES;
				CLANG_WARN_STRICT_PROTOTYPES = YES;
				CLANG_WARN_SUSPICIOUS_MOVE = YES;
				CLANG_WARN_UNGUARDED_AVAILABILITY = YES_AGGRESSIVE;
				CLANG_WARN_UNREACHABLE_CODE = YES;
				CLANG_WARN__DUPLICATE_METHOD_MATCH = YES;
				CODE_SIGN_IDENTITY = "iPhone Developer";
				COPY_PHASE_STRIP = NO;
				DEBUG_INFORMATION_FORMAT = "dwarf-with-dsym";
				ENABLE_NS_ASSERTIONS = NO;
				ENABLE_STRICT_OBJC_MSGSEND = YES;
				GCC_C_LANGUAGE_STANDARD = gnu11;
				GCC_NO_COMMON_BLOCKS = YES;
				GCC_WARN_64_TO_32_BIT_CONVERSION = YES;
				GCC_WARN_ABOUT_RETURN_TYPE = YES_ERROR;
				GCC_WARN_UNDECLARED_SELECTOR = YES;
				GCC_WARN_UNINITIALIZED_AUTOS = YES_AGGRESSIVE;
				GCC_WARN_UNUSED_FUNCTION = YES;
				GCC_WARN_UNUSED_VARIABLE = YES;
				IPHONEOS_DEPLOYMENT_TARGET = 11.2;
				MTL_ENABLE_DEBUG_INFO = NO;
				SDKROOT = iphoneos;
				SWIFT_OPTIMIZATION_LEVEL = "-Owholemodule";
				VALIDATE_PRODUCT = YES;
			};
			name = Release;
		};
		8E1A1529206C73E100115C41 /* Debug */ = {
			isa = XCBuildConfiguration;
			buildSettings = {
				ASSETCATALOG_COMPILER_APPICON_NAME = AppIcon;
				CODE_SIGN_STYLE = Manual;
				DEVELOPMENT_TEAM = F4LXZEHY23;
				INFOPLIST_FILE = "JavaScriptCore-Lessions/Info.plist";
				LD_RUNPATH_SEARCH_PATHS = "$(inherited) @executable_path/Frameworks";
				PRODUCT_BUNDLE_IDENTIFIER = "com.megvii.JavaScriptCore-Lessions";
				PRODUCT_NAME = "$(TARGET_NAME)";
				PROVISIONING_PROFILE = "65e7ee5b-e267-4a99-a6e4-246709904d04";
				PROVISIONING_PROFILE_SPECIFIER = Megvii_wildcard;
				SWIFT_VERSION = 4.0;
				TARGETED_DEVICE_FAMILY = "1,2";
			};
			name = Debug;
		};
		8E1A152A206C73E100115C41 /* Release */ = {
			isa = XCBuildConfiguration;
			buildSettings = {
				ASSETCATALOG_COMPILER_APPICON_NAME = AppIcon;
				CODE_SIGN_STYLE = Manual;
				DEVELOPMENT_TEAM = "";
				INFOPLIST_FILE = "JavaScriptCore-Lessions/Info.plist";
				LD_RUNPATH_SEARCH_PATHS = "$(inherited) @executable_path/Frameworks";
				PRODUCT_BUNDLE_IDENTIFIER = "com.megvii.JavaScriptCore-Lessions";
				PRODUCT_NAME = "$(TARGET_NAME)";
				PROVISIONING_PROFILE_SPECIFIER = "";
				SWIFT_VERSION = 4.0;
				TARGETED_DEVICE_FAMILY = "1,2";
			};
			name = Release;
		};
		8E1A152C206C73E100115C41 /* Debug */ = {
			isa = XCBuildConfiguration;
			buildSettings = {
				ALWAYS_EMBED_SWIFT_STANDARD_LIBRARIES = YES;
				BUNDLE_LOADER = "$(TEST_HOST)";
				CODE_SIGN_STYLE = Automatic;
				DEVELOPMENT_TEAM = F4LXZEHY23;
				INFOPLIST_FILE = "JavaScriptCore-LessionsTests/Info.plist";
				LD_RUNPATH_SEARCH_PATHS = "$(inherited) @executable_path/Frameworks @loader_path/Frameworks";
				PRODUCT_BUNDLE_IDENTIFIER = "com.megvii.JavaScriptCore-LessionsTests";
				PRODUCT_NAME = "$(TARGET_NAME)";
				SWIFT_VERSION = 4.0;
				TARGETED_DEVICE_FAMILY = "1,2";
				TEST_HOST = "$(BUILT_PRODUCTS_DIR)/JavaScriptCore-Lessions.app/JavaScriptCore-Lessions";
			};
			name = Debug;
		};
		8E1A152D206C73E100115C41 /* Release */ = {
			isa = XCBuildConfiguration;
			buildSettings = {
				ALWAYS_EMBED_SWIFT_STANDARD_LIBRARIES = YES;
				BUNDLE_LOADER = "$(TEST_HOST)";
				CODE_SIGN_STYLE = Automatic;
				DEVELOPMENT_TEAM = F4LXZEHY23;
				INFOPLIST_FILE = "JavaScriptCore-LessionsTests/Info.plist";
				LD_RUNPATH_SEARCH_PATHS = "$(inherited) @executable_path/Frameworks @loader_path/Frameworks";
				PRODUCT_BUNDLE_IDENTIFIER = "com.megvii.JavaScriptCore-LessionsTests";
				PRODUCT_NAME = "$(TARGET_NAME)";
				SWIFT_VERSION = 4.0;
				TARGETED_DEVICE_FAMILY = "1,2";
				TEST_HOST = "$(BUILT_PRODUCTS_DIR)/JavaScriptCore-Lessions.app/JavaScriptCore-Lessions";
			};
			name = Release;
		};
/* End XCBuildConfiguration section */

/* Begin XCConfigurationList section */
		8E1A1506206C73E100115C41 /* Build configuration list for PBXProject "JavaScriptCore-Lessions" */ = {
			isa = XCConfigurationList;
			buildConfigurations = (
				8E1A1526206C73E100115C41 /* Debug */,
				8E1A1527206C73E100115C41 /* Release */,
			);
			defaultConfigurationIsVisible = 0;
			defaultConfigurationName = Release;
		};
		8E1A1528206C73E100115C41 /* Build configuration list for PBXNativeTarget "JavaScriptCore-Lessions" */ = {
			isa = XCConfigurationList;
			buildConfigurations = (
				8E1A1529206C73E100115C41 /* Debug */,
				8E1A152A206C73E100115C41 /* Release */,
			);
			defaultConfigurationIsVisible = 0;
			defaultConfigurationName = Release;
		};
		8E1A152B206C73E100115C41 /* Build configuration list for PBXNativeTarget "JavaScriptCore-LessionsTests" */ = {
			isa = XCConfigurationList;
			buildConfigurations = (
				8E1A152C206C73E100115C41 /* Debug */,
				8E1A152D206C73E100115C41 /* Release */,
			);
			defaultConfigurationIsVisible = 0;
			defaultConfigurationName = Release;
		};
/* End XCConfigurationList section */
	};
	rootObject = 8E1A1503206C73E100115C41 /* Project object */;
}
